
Microsoft Visual Studio Solution File, Format Version 12.00
Project("{FAE04EC0-301F-11D3-BF4B-00C04F79EFBC}") = "dotnet.cafe.domain", "dotnet.cafe.domain\dotnet.cafe.domain.csproj", "{881FD31A-C279-4C70-92B6-EB1CBD99C7AA}"
EndProject
Project("{FAE04EC0-301F-11D3-BF4B-00C04F79EFBC}") = "dotnet.cafe.counter", "dotnet.cafe.counter\dotnet.cafe.counter.csproj", "{251CAF86-2699-4B28-A489-52C72073C2D0}"
EndProject
Project("{FAE04EC0-301F-11D3-BF4B-00C04F79EFBC}") = "OrderGenerator", "OrderGenerator\OrderGenerator.csproj", "{EA07E0E9-C3F2-4022-85FA-BD7E791530A9}"
EndProject
Project("{FAE04EC0-301F-11D3-BF4B-00C04F79EFBC}") = "dotnet.cafe.kitchen", "dotnet.cafe.kitchen\dotnet.cafe.kitchen.csproj", "{231BDE2D-AA5F-45E2-B344-A75C687CC984}"
EndProject
Project("{FAE04EC0-301F-11D3-BF4B-00C04F79EFBC}") = "dotnet.cafe.web", "dotnet.cafe.web\dotnet.cafe.web.csproj", "{602370D9-B603-46F4-9592-17A88A547CCD}"
EndProject
Project("{FAE04EC0-301F-11D3-BF4B-00C04F79EFBC}") = "dotnet.cafe.barista", "dotnet.cafe.barista\dotnet.cafe.barista.csproj", "{3D6019AE-741D-4E5F-B554-2AF10BF8445F}"
EndProject
Global
	GlobalSection(SolutionConfigurationPlatforms) = preSolution
		Debug|Any CPU = Debug|Any CPU
		Release|Any CPU = Release|Any CPU
	EndGlobalSection
	GlobalSection(ProjectConfigurationPlatforms) = postSolution
		{881FD31A-C279-4C70-92B6-EB1CBD99C7AA}.Debug|Any CPU.ActiveCfg = Debug|Any CPU
		{881FD31A-C279-4C70-92B6-EB1CBD99C7AA}.Debug|Any CPU.Build.0 = Debug|Any CPU
		{881FD31A-C279-4C70-92B6-EB1CBD99C7AA}.Release|Any CPU.ActiveCfg = Release|Any CPU
		{881FD31A-C279-4C70-92B6-EB1CBD99C7AA}.Release|Any CPU.Build.0 = Release|Any CPU
		{251CAF86-2699-4B28-A489-52C72073C2D0}.Debug|Any CPU.ActiveCfg = Debug|Any CPU
		{251CAF86-2699-4B28-A489-52C72073C2D0}.Debug|Any CPU.Build.0 = Debug|Any CPU
		{251CAF86-2699-4B28-A489-52C72073C2D0}.Release|Any CPU.ActiveCfg = Release|Any CPU
		{251CAF86-2699-4B28-A489-52C72073C2D0}.Release|Any CPU.Build.0 = Release|Any CPU
		{EA07E0E9-C3F2-4022-85FA-BD7E791530A9}.Debug|Any CPU.ActiveCfg = Debug|Any CPU
		{EA07E0E9-C3F2-4022-85FA-BD7E791530A9}.Debug|Any CPU.Build.0 = Debug|Any CPU
		{EA07E0E9-C3F2-4022-85FA-BD7E791530A9}.Release|Any CPU.ActiveCfg = Release|Any CPU
		{EA07E0E9-C3F2-4022-85FA-BD7E791530A9}.Release|Any CPU.Build.0 = Release|Any CPU
		{231BDE2D-AA5F-45E2-B344-A75C687CC984}.Debug|Any CPU.ActiveCfg = Debug|Any CPU
		{231BDE2D-AA5F-45E2-B344-A75C687CC984}.Debug|Any CPU.Build.0 = Debug|Any CPU
		{231BDE2D-AA5F-45E2-B344-A75C687CC984}.Release|Any CPU.ActiveCfg = Release|Any CPU
		{231BDE2D-AA5F-45E2-B344-A75C687CC984}.Release|Any CPU.Build.0 = Release|Any CPU
		{602370D9-B603-46F4-9592-17A88A547CCD}.Debug|Any CPU.ActiveCfg = Debug|Any CPU
		{602370D9-B603-46F4-9592-17A88A547CCD}.Debug|Any CPU.Build.0 = Debug|Any CPU
		{602370D9-B603-46F4-9592-17A88A547CCD}.Release|Any CPU.ActiveCfg = Release|Any CPU
		{602370D9-B603-46F4-9592-17A88A547CCD}.Release|Any CPU.Build.0 = Release|Any CPU
		{3D6019AE-741D-4E5F-B554-2AF10BF8445F}.Debug|Any CPU.ActiveCfg = Debug|Any CPU
		{3D6019AE-741D-4E5F-B554-2AF10BF8445F}.Debug|Any CPU.Build.0 = Debug|Any CPU
		{3D6019AE-741D-4E5F-B554-2AF10BF8445F}.Release|Any CPU.ActiveCfg = Release|Any CPU
		{3D6019AE-741D-4E5F-B554-2AF10BF8445F}.Release|Any CPU.Build.0 = Release|Any CPU
	EndGlobalSection
EndGlobal
