
Microsoft Visual Studio Solution File, Format Version 12.00
Project("{FAE04EC0-301F-11D3-BF4B-00C04F79EFBC}") = "dotnet.cafe.domain", "dotnet.cafe.domain\dotnet.cafe.domain.csproj", "{881FD31A-C279-4C70-92B6-EB1CBD99C7AA}"
EndProject
Project("{FAE04EC0-301F-11D3-BF4B-00C04F79EFBC}") = "dotnet.cafe.core", "dotnet.cafe.core\dotnet.cafe.core.csproj", "{44BE9D05-E09B-4FB5-8F94-1E3BB60010BC}"
EndProject
Global
	GlobalSection(SolutionConfigurationPlatforms) = preSolution
		Debug|Any CPU = Debug|Any CPU
		Release|Any CPU = Release|Any CPU
	EndGlobalSection
	GlobalSection(ProjectConfigurationPlatforms) = postSolution
		{881FD31A-C279-4C70-92B6-EB1CBD99C7AA}.Debug|Any CPU.ActiveCfg = Debug|Any CPU
		{881FD31A-C279-4C70-92B6-EB1CBD99C7AA}.Debug|Any CPU.Build.0 = Debug|Any CPU
		{881FD31A-C279-4C70-92B6-EB1CBD99C7AA}.Release|Any CPU.ActiveCfg = Release|Any CPU
		{881FD31A-C279-4C70-92B6-EB1CBD99C7AA}.Release|Any CPU.Build.0 = Release|Any CPU
		{44BE9D05-E09B-4FB5-8F94-1E3BB60010BC}.Debug|Any CPU.ActiveCfg = Debug|Any CPU
		{44BE9D05-E09B-4FB5-8F94-1E3BB60010BC}.Debug|Any CPU.Build.0 = Debug|Any CPU
		{44BE9D05-E09B-4FB5-8F94-1E3BB60010BC}.Release|Any CPU.ActiveCfg = Release|Any CPU
		{44BE9D05-E09B-4FB5-8F94-1E3BB60010BC}.Release|Any CPU.Build.0 = Release|Any CPU
	EndGlobalSection
EndGlobal
